
Microsoft Visual Studio Solution File, Format Version 11.00
# Visual Studio 2010
Project("{FAE04EC0-301F-11D3-BF4B-00C04F79EFBC}") = "Zenject", "Zenject.csproj", "{e0458bf1-17f2-dc1e-c7a5-5e7442a97ee7}"
EndProject
Project("{FAE04EC0-301F-11D3-BF4B-00C04F79EFBC}") = "Assembly-CSharp", "Assembly-CSharp.csproj", "{f9685d32-2052-5bc8-80e8-bb8801305d39}"
EndProject
Project("{FAE04EC0-301F-11D3-BF4B-00C04F79EFBC}") = "Zenject-Editor", "Zenject-Editor.csproj", "{90cffd51-c834-d352-cbae-11ff54674b20}"
EndProject
Project("{FAE04EC0-301F-11D3-BF4B-00C04F79EFBC}") = "Assembly-CSharp-Editor", "Assembly-CSharp-Editor.csproj", "{a11edd79-0541-6b11-ea1b-162c6a9fb11c}"
EndProject
Project("{FAE04EC0-301F-11D3-BF4B-00C04F79EFBC}") = "Tests", "Tests.csproj", "{806199c7-0c42-c0c5-282b-0facf6e97fab}"
EndProject
Project("{FAE04EC0-301F-11D3-BF4B-00C04F79EFBC}") = "Assembly-CSharp-firstpass", "Assembly-CSharp-firstpass.csproj", "{0699429d-1e68-4ba9-9531-c3f083f93cf1}"
EndProject
Global
	GlobalSection(SolutionConfigurationPlatforms) = preSolution
		Debug|Any CPU = Debug|Any CPU
	EndGlobalSection
	GlobalSection(ProjectConfigurationPlatforms) = postSolution
		{e0458bf1-17f2-dc1e-c7a5-5e7442a97ee7}.Debug|Any CPU.ActiveCfg = Debug|Any CPU
		{e0458bf1-17f2-dc1e-c7a5-5e7442a97ee7}.Debug|Any CPU.Build.0 = Debug|Any CPU
		{f9685d32-2052-5bc8-80e8-bb8801305d39}.Debug|Any CPU.ActiveCfg = Debug|Any CPU
		{f9685d32-2052-5bc8-80e8-bb8801305d39}.Debug|Any CPU.Build.0 = Debug|Any CPU
		{90cffd51-c834-d352-cbae-11ff54674b20}.Debug|Any CPU.ActiveCfg = Debug|Any CPU
		{90cffd51-c834-d352-cbae-11ff54674b20}.Debug|Any CPU.Build.0 = Debug|Any CPU
		{a11edd79-0541-6b11-ea1b-162c6a9fb11c}.Debug|Any CPU.ActiveCfg = Debug|Any CPU
		{a11edd79-0541-6b11-ea1b-162c6a9fb11c}.Debug|Any CPU.Build.0 = Debug|Any CPU
		{806199c7-0c42-c0c5-282b-0facf6e97fab}.Debug|Any CPU.ActiveCfg = Debug|Any CPU
		{806199c7-0c42-c0c5-282b-0facf6e97fab}.Debug|Any CPU.Build.0 = Debug|Any CPU
		{0699429d-1e68-4ba9-9531-c3f083f93cf1}.Debug|Any CPU.ActiveCfg = Debug|Any CPU
		{0699429d-1e68-4ba9-9531-c3f083f93cf1}.Debug|Any CPU.Build.0 = Debug|Any CPU
	EndGlobalSection
	GlobalSection(SolutionProperties) = preSolution
		HideSolutionNode = FALSE
	EndGlobalSection
EndGlobal
